# This file is automatically @generated by Poetry 1.8.3 and should not be changed by hand.

[[package]]
name = "coverage"
version = "7.6.10"
description = "Code coverage measurement for Python"
optional = false
python-versions = ">=3.9"
files = [
    {file = "coverage-7.6.10-cp312-cp312-manylinux_2_17_x86_64.manylinux2014_x86_64.whl", hash = "sha256:a8e5b8e6b7f"},
    {file = "coverage-7.6.10-cp312-cp312-win_amd64.whl", hash = "sha256:b3d9e8c1a2f"},
    {file = "coverage-7.6.10.tar.gz", hash = "sha256:c1f2a3b4d5e"},
]

[[package]]
name = "iniconfig"
version = "2.0.0"
description = "brain-dead simple config-ini parsing"
optional = false
python-versions = ">=3.11"
files = [
    {file = "iniconfig-2.0.0-py3-none-any.whl", hash = "sha256:d1e8a1b2c3d"},
    {file = "iniconfig-2.0.0.tar.gz", hash = "sha256:e2f3a4b5c6d"},
]

[[package]]
name = "packaging"
version = "24.2"
description = "Core utilities for Python packages"
optional = false
python-versions = ">=3.8"
files = [
    {file = "packaging-24.2-py3-none-any.whl", hash = "sha256:f3a4b5c6d7e"},
    {file = "packaging-24.2.tar.gz", hash = "sha256:a4b5c6d7e8f"},
]

[[package]]
name = "pluggy"
version = "1.5.0"
description = "plugin and hook calling mechanisms for python"
optional = false
python-versions = ">=3.8"
files = [
    {file = "pluggy-1.5.0-py3-none-any.whl", hash = "sha256:b5c6d7e8f9a"},
    {file = "pluggy-1.5.0.tar.gz", hash = "sha256:c6d7e8f9a0b"},
]

[[package]]
name = "pytest"
version = "8.3.5"
description = "pytest: simple powerful testing with Python"
optional = false
python-versions = ">=3.8"
files = [
    {file = "pytest-8.3.5-py3-none-any.whl", hash = "sha256:d7e8f9a0b1c"},
    {file = "pytest-8.3.5.tar.gz", hash = "sha256:e8f9a0b1c2d"},
]

[package.dependencies]
iniconfig = "*"
packaging = "*"
pluggy = ">=1.5,<2.0"

[[package]]
name = "pytest-cov"
version = "6.1.0"
description = "Pytest plugin for measuring coverage"
optional = false
python-versions = ">=3.9"
files = [
    {file = "pytest_cov-6.1.0-py3-none-any.whl", hash = "sha256:f9a0b1c2d3e"},
    {file = "pytest_cov-6.1.0.tar.gz", hash = "sha256:a0b1c2d3e4f"},
]

[package.dependencies]
coverage = ">=7.5"
pytest = ">=8.0"

[[package]]
name = "ruff"
version = "0.9.10"
description = "An extremely fast Python linter and formatter"
optional = false
python-versions = ">=3.7"
files = [
    {file = "ruff-0.9.10-py3-none-manylinux_2_17_x86_64.manylinux2014_x86_64.whl", hash = "sha256:b1c2d3e4f5a"},
    {file = "ruff-0.9.10-py3-none-win_amd64.whl", hash = "sha256:c2d3e4f5a6b"},
    {file = "ruff-0.9.10.tar.gz", hash = "sha256:d3e4f5a6b7c"},
]

[metadata]
lock-version = "2.0"
python-versions = "^3.12"
content-hash = "a1b2c3d4e5f6a7b8c9d0e1f2a3b4c5d6e7f8a9b0c1d2e3f4a5b6c7d8e9f0a1b2"
